# This file is @generated by PDM.
# It is not intended for manual editing.

[[package]]
name = "colorama"
version = "0.4.6"
requires_python = "!=3.0.*,!=3.1.*,!=3.2.*,!=3.3.*,!=3.4.*,!=3.5.*,!=3.6.*,>=2.7"
summary = "Cross-platform colored terminal text."

[[package]]
name = "dijkstar"
version = "2.6.0"
summary = "Dijkstra/A*"
dependencies = [
    "six",
]

[[package]]
name = "future"
version = "0.18.3"
requires_python = ">=2.6, !=3.0.*, !=3.1.*, !=3.2.*"
summary = "Clean single-source support for Python 3 and 2"

[[package]]
name = "geolib"
version = "1.0.7"
requires_python = ">=2.7,!=3.0.*,!=3.1.*,!=3.2.*,!=3.3.*"
summary = "A library for geohash encoding, decoding and associated functions"
dependencies = [
    "future",
]

[[package]]
name = "haversine"
version = "2.7.0"
requires_python = ">=3.5"
summary = "Calculate the distance between 2 points on Earth."

[[package]]
name = "six"
version = "1.16.0"
requires_python = ">=2.7, !=3.0.*, !=3.1.*, !=3.2.*"
summary = "Python 2 and 3 compatibility utilities"

[[package]]
name = "tqdm"
version = "4.64.1"
requires_python = "!=3.0.*,!=3.1.*,!=3.2.*,!=3.3.*,>=2.7"
summary = "Fast, Extensible Progress Meter"
dependencies = [
    "colorama; platform_system == \"Windows\"",
]

[metadata]
lock_version = "4.1"
content_hash = "sha256:11405f19d37bbedd66bb0c9868a9ad80dc3c7dd8ea9426e1e940ceb12ec1e844"

[metadata.files]
"colorama 0.4.6" = [
    {url = "https://files.pythonhosted.org/packages/d1/d6/3965ed04c63042e047cb6a3e6ed1a63a35087b6a609aa3a15ed8ac56c221/colorama-0.4.6-py2.py3-none-any.whl", hash = "sha256:4f1d9991f5acc0ca119f9d443620b77f9d6b33703e51011c16baf57afb285fc6"},
    {url = "https://files.pythonhosted.org/packages/d8/53/6f443c9a4a8358a93a6792e2acffb9d9d5cb0a5cfd8802644b7b1c9a02e4/colorama-0.4.6.tar.gz", hash = "sha256:08695f5cb7ed6e0531a20572697297273c47b8cae5a63ffc6d6ed5c201be6e44"},
]
"dijkstar 2.6.0" = [
    {url = "https://files.pythonhosted.org/packages/53/89/620e594fe1a58517d224a9a9cd05d56583e2c12a5a520cb3a67851601570/Dijkstar-2.6.0-py3-none-any.whl", hash = "sha256:49c7faad4273bc88609f688d5c00b80761d06793cb3285268cb385510c6a6e76"},
    {url = "https://files.pythonhosted.org/packages/59/91/339563337ba35701743a69467c8a95678860935bd99745b5c4fe56028956/Dijkstar-2.6.0.tar.gz", hash = "sha256:ba9fa254c2ab9667a89dbaa9e322e59fc72f20fc6730ea6fe7be1f85e15a5bb7"},
]
"future 0.18.3" = [
    {url = "https://files.pythonhosted.org/packages/8f/2e/cf6accf7415237d6faeeebdc7832023c90e0282aa16fd3263db0eb4715ec/future-0.18.3.tar.gz", hash = "sha256:34a17436ed1e96697a86f9de3d15a3b0be01d8bc8de9c1dffd59fb8234ed5307"},
]
"geolib 1.0.7" = [
    {url = "https://files.pythonhosted.org/packages/c6/df/0d7bac8eadd310b9ea92b8bdb0b9b879a8567370859bf42e15a6b435ec31/geolib-1.0.7.tar.gz", hash = "sha256:5d617fafbf337d333dc65b893b1893a664ca0383e3e4143932009761cf25962f"},
    {url = "https://files.pythonhosted.org/packages/f2/46/e08d831615af9670819432f84f63e30f65fdd4b9976faa093998e0af43ad/geolib-1.0.7-py3-none-any.whl", hash = "sha256:88a6b70dbcae49c51aa417e50d07e871d09e342c6bd060d88a76c921fcb34a75"},
]
"haversine 2.7.0" = [
    {url = "https://files.pythonhosted.org/packages/4f/8e/04cc8b6352acfdbbe406e3cb62efeee212355dcf73de60b662b513d76f77/haversine-2.7.0-py2.py3-none-any.whl", hash = "sha256:4fdf9aebb4cc59c7de6fcb06f7afa6ab54720c5d9c91dac8c173b9213920434c"},
    {url = "https://files.pythonhosted.org/packages/ba/74/0efb1ad5afbb896efe04506a623dc4249782e7a24c3bf166cbd1589018d0/haversine-2.7.0.tar.gz", hash = "sha256:9dd62c95bff9c43eb898604625e80db68b8b9e91a5111338f55ebcf470dd5a3d"},
]
"six 1.16.0" = [
    {url = "https://files.pythonhosted.org/packages/71/39/171f1c67cd00715f190ba0b100d606d440a28c93c7714febeca8b79af85e/six-1.16.0.tar.gz", hash = "sha256:1e61c37477a1626458e36f7b1d82aa5c9b094fa4802892072e49de9c60c4c926"},
    {url = "https://files.pythonhosted.org/packages/d9/5a/e7c31adbe875f2abbb91bd84cf2dc52d792b5a01506781dbcf25c91daf11/six-1.16.0-py2.py3-none-any.whl", hash = "sha256:8abb2f1d86890a2dfb989f9a77cfcfd3e47c2a354b01111771326f8aa26e0254"},
]
"tqdm 4.64.1" = [
    {url = "https://files.pythonhosted.org/packages/47/bb/849011636c4da2e44f1253cd927cfb20ada4374d8b3a4e425416e84900cc/tqdm-4.64.1-py2.py3-none-any.whl", hash = "sha256:6fee160d6ffcd1b1c68c65f14c829c22832bc401726335ce92c52d395944a6a1"},
    {url = "https://files.pythonhosted.org/packages/c1/c2/d8a40e5363fb01806870e444fc1d066282743292ff32a9da54af51ce36a2/tqdm-4.64.1.tar.gz", hash = "sha256:5f4f682a004951c1b450bc753c710e9280c5746ce6ffedee253ddbcbf54cf1e4"},
]
